# This file was autogenerated by Stack.
# You should not edit this file by hand.
# For more information, please see the documentation at:
#   https://docs.haskellstack.org/en/stable/lock_files

packages:
- completed:
    size: 59152
    subdir: qtility
    url: https://github.com/quanterall/qtility/archive/ecfc497f7f7e2dc5974cd8a28ba9c03bbee49725.tar.gz
    name: qtility
    version: 1.0.0
    sha256: b5e2a45ec96cc8c66f5660626d9cb0f8cee6ee61f28ea6e8e5c2d91c74e5eaf1
    pantry-tree:
      size: 1474
      sha256: c8c08902fceca6564576923e4795f7467183aa47d57f09c2794b49d2af570804
  original:
    subdir: qtility
    url: https://github.com/quanterall/qtility/archive/ecfc497f7f7e2dc5974cd8a28ba9c03bbee49725.tar.gz
snapshots:
- completed:
    size: 586069
    url: https://raw.githubusercontent.com/commercialhaskell/stackage-snapshots/master/lts/18/14.yaml
    sha256: 87842ecbaa8ca9cee59a7e6be52369dbed82ed075cb4e0d152614a627e8fd488
  original: lts-18.14
