# This file was autogenerated by Stack.
# You should not edit this file by hand.
# For more information, please see the documentation at:
#   https://docs.haskellstack.org/en/stable/lock_files

packages:
- completed:
    size: 59888
    subdir: qtility
    url: https://github.com/quanterall/qtility/archive/01c4fc42756611da9d3dc04e9ac71ece6ae67268.tar.gz
    name: qtility
    version: 1.3.0
    sha256: 88b2b13960e9686cceeabe358e4383ab84a5e55daafb4b0afa78e8d21755b980
    pantry-tree:
      size: 1657
      sha256: 280cd4841dacd16979967feeba251d81ddc2a6b49ce6e63ed426b1d45426f7e2
  original:
    subdir: qtility
    url: https://github.com/quanterall/qtility/archive/01c4fc42756611da9d3dc04e9ac71ece6ae67268.tar.gz
snapshots:
- completed:
    size: 586069
    url: https://raw.githubusercontent.com/commercialhaskell/stackage-snapshots/master/lts/18/14.yaml
    sha256: 87842ecbaa8ca9cee59a7e6be52369dbed82ed075cb4e0d152614a627e8fd488
  original: lts-18.14
